// !$*UTF8*$!
{
	archiveVersion = 1;
	classes = {
	};
	objectVersion = 55;
	objects = {

/* Begin PBXBuildFile section */
		1536262D2834C2A60013CDB7 /* ChooseCategory.swift in Sources */ = {isa = PBXBuildFile; fileRef = 1536262C2834C2A60013CDB7 /* ChooseCategory.swift */; };
		1536262F2834C2D50013CDB7 /* ChooseQuestions.swift in Sources */ = {isa = PBXBuildFile; fileRef = 1536262E2834C2D50013CDB7 /* ChooseQuestions.swift */; };
		153895A7282A1D8E001E1AE1 /* AppDelegate.swift in Sources */ = {isa = PBXBuildFile; fileRef = 153895A6282A1D8E001E1AE1 /* AppDelegate.swift */; };
		153895A9282A1D8E001E1AE1 /* SceneDelegate.swift in Sources */ = {isa = PBXBuildFile; fileRef = 153895A8282A1D8E001E1AE1 /* SceneDelegate.swift */; };
		153895AB282A1D8E001E1AE1 /* ViewController.swift in Sources */ = {isa = PBXBuildFile; fileRef = 153895AA282A1D8E001E1AE1 /* ViewController.swift */; };
		153895AE282A1D8E001E1AE1 /* Main.storyboard in Resources */ = {isa = PBXBuildFile; fileRef = 153895AC282A1D8E001E1AE1 /* Main.storyboard */; };
		153895B0282A1D90001E1AE1 /* Assets.xcassets in Resources */ = {isa = PBXBuildFile; fileRef = 153895AF282A1D90001E1AE1 /* Assets.xcassets */; };
		153895B3282A1D90001E1AE1 /* LaunchScreen.storyboard in Resources */ = {isa = PBXBuildFile; fileRef = 153895B1282A1D90001E1AE1 /* LaunchScreen.storyboard */; };
		158136662835DD58002AC957 /* SettingViewController.swift in Sources */ = {isa = PBXBuildFile; fileRef = 158136652835DD58002AC957 /* SettingViewController.swift */; };
		15813668283653F9002AC957 /* NetWorkMonitor.swift in Sources */ = {isa = PBXBuildFile; fileRef = 15813667283653F9002AC957 /* NetWorkMonitor.swift */; };
		159915E828337A900011E726 /* Question.json in Resources */ = {isa = PBXBuildFile; fileRef = 159915E728337A900011E726 /* Question.json */; };
		15DF4CE4282A6E7A00003240 /* TableViewCell.swift in Sources */ = {isa = PBXBuildFile; fileRef = 15DF4CE3282A6E7A00003240 /* TableViewCell.swift */; };
		15F8CEE7282DED2200B70DB4 /* Settings.bundle in Resources */ = {isa = PBXBuildFile; fileRef = 15F8CEE6282DED2200B70DB4 /* Settings.bundle */; };
		15F8CEE92830DAAF00B70DB4 /* QuestionViewController.swift in Sources */ = {isa = PBXBuildFile; fileRef = 15F8CEE82830DAAF00B70DB4 /* QuestionViewController.swift */; };
		15F8CEEB2830FD5900B70DB4 /* AnswerViewController.swift in Sources */ = {isa = PBXBuildFile; fileRef = 15F8CEEA2830FD5900B70DB4 /* AnswerViewController.swift */; };
		15F8CEED2830FD6400B70DB4 /* FinishViewController.swift in Sources */ = {isa = PBXBuildFile; fileRef = 15F8CEEC2830FD6400B70DB4 /* FinishViewController.swift */; };
		15F8CEEF2831CEF400B70DB4 /* Question.swift in Sources */ = {isa = PBXBuildFile; fileRef = 15F8CEEE2831CEF400B70DB4 /* Question.swift */; };
/* End PBXBuildFile section */

/* Begin PBXFileReference section */
		1536262C2834C2A60013CDB7 /* ChooseCategory.swift */ = {isa = PBXFileReference; lastKnownFileType = sourcecode.swift; path = ChooseCategory.swift; sourceTree = "<group>"; };
		1536262E2834C2D50013CDB7 /* ChooseQuestions.swift */ = {isa = PBXFileReference; lastKnownFileType = sourcecode.swift; path = ChooseQuestions.swift; sourceTree = "<group>"; };
		153895A3282A1D8E001E1AE1 /* iQuiz.app */ = {isa = PBXFileReference; explicitFileType = wrapper.application; includeInIndex = 0; path = iQuiz.app; sourceTree = BUILT_PRODUCTS_DIR; };
		153895A6282A1D8E001E1AE1 /* AppDelegate.swift */ = {isa = PBXFileReference; lastKnownFileType = sourcecode.swift; path = AppDelegate.swift; sourceTree = "<group>"; };
		153895A8282A1D8E001E1AE1 /* SceneDelegate.swift */ = {isa = PBXFileReference; lastKnownFileType = sourcecode.swift; path = SceneDelegate.swift; sourceTree = "<group>"; };
		153895AA282A1D8E001E1AE1 /* ViewController.swift */ = {isa = PBXFileReference; lastKnownFileType = sourcecode.swift; path = ViewController.swift; sourceTree = "<group>"; };
		153895AD282A1D8E001E1AE1 /* Base */ = {isa = PBXFileReference; lastKnownFileType = file.storyboard; name = Base; path = Base.lproj/Main.storyboard; sourceTree = "<group>"; };
		153895AF282A1D90001E1AE1 /* Assets.xcassets */ = {isa = PBXFileReference; lastKnownFileType = folder.assetcatalog; path = Assets.xcassets; sourceTree = "<group>"; };
		153895B2282A1D90001E1AE1 /* Base */ = {isa = PBXFileReference; lastKnownFileType = file.storyboard; name = Base; path = Base.lproj/LaunchScreen.storyboard; sourceTree = "<group>"; };
		153895B4282A1D90001E1AE1 /* Info.plist */ = {isa = PBXFileReference; lastKnownFileType = text.plist.xml; path = Info.plist; sourceTree = "<group>"; };
		158136652835DD58002AC957 /* SettingViewController.swift */ = {isa = PBXFileReference; lastKnownFileType = sourcecode.swift; path = SettingViewController.swift; sourceTree = "<group>"; };
		15813667283653F9002AC957 /* NetWorkMonitor.swift */ = {isa = PBXFileReference; lastKnownFileType = sourcecode.swift; path = NetWorkMonitor.swift; sourceTree = "<group>"; };
		159915E728337A900011E726 /* Question.json */ = {isa = PBXFileReference; lastKnownFileType = text.json; path = Question.json; sourceTree = "<group>"; };
		15DF4CE3282A6E7A00003240 /* TableViewCell.swift */ = {isa = PBXFileReference; lastKnownFileType = sourcecode.swift; path = TableViewCell.swift; sourceTree = "<group>"; };
		15F8CEE6282DED2200B70DB4 /* Settings.bundle */ = {isa = PBXFileReference; lastKnownFileType = "wrapper.plug-in"; path = Settings.bundle; sourceTree = "<group>"; };
		15F8CEE82830DAAF00B70DB4 /* QuestionViewController.swift */ = {isa = PBXFileReference; lastKnownFileType = sourcecode.swift; path = QuestionViewController.swift; sourceTree = "<group>"; };
		15F8CEEA2830FD5900B70DB4 /* AnswerViewController.swift */ = {isa = PBXFileReference; lastKnownFileType = sourcecode.swift; path = AnswerViewController.swift; sourceTree = "<group>"; };
		15F8CEEC2830FD6400B70DB4 /* FinishViewController.swift */ = {isa = PBXFileReference; lastKnownFileType = sourcecode.swift; path = FinishViewController.swift; sourceTree = "<group>"; };
		15F8CEEE2831CEF400B70DB4 /* Question.swift */ = {isa = PBXFileReference; lastKnownFileType = sourcecode.swift; path = Question.swift; sourceTree = "<group>"; };
/* End PBXFileReference section */

/* Begin PBXFrameworksBuildPhase section */
		153895A0282A1D8E001E1AE1 /* Frameworks */ = {
			isa = PBXFrameworksBuildPhase;
			buildActionMask = 2147483647;
			files = (
			);
			runOnlyForDeploymentPostprocessing = 0;
		};
/* End PBXFrameworksBuildPhase section */

/* Begin PBXGroup section */
		1538959A282A1D8E001E1AE1 = {
			isa = PBXGroup;
			children = (
				153895A5282A1D8E001E1AE1 /* iQuiz */,
				153895A4282A1D8E001E1AE1 /* Products */,
			);
			sourceTree = "<group>";
		};
		153895A4282A1D8E001E1AE1 /* Products */ = {
			isa = PBXGroup;
			children = (
				153895A3282A1D8E001E1AE1 /* iQuiz.app */,
			);
			name = Products;
			sourceTree = "<group>";
		};
		153895A5282A1D8E001E1AE1 /* iQuiz */ = {
			isa = PBXGroup;
			children = (
				153895A6282A1D8E001E1AE1 /* AppDelegate.swift */,
				153895A8282A1D8E001E1AE1 /* SceneDelegate.swift */,
				153895AA282A1D8E001E1AE1 /* ViewController.swift */,
				15F8CEE82830DAAF00B70DB4 /* QuestionViewController.swift */,
				15F8CEEA2830FD5900B70DB4 /* AnswerViewController.swift */,
				15F8CEEC2830FD6400B70DB4 /* FinishViewController.swift */,
				158136652835DD58002AC957 /* SettingViewController.swift */,
				15813667283653F9002AC957 /* NetWorkMonitor.swift */,
				1536262C2834C2A60013CDB7 /* ChooseCategory.swift */,
				1536262E2834C2D50013CDB7 /* ChooseQuestions.swift */,
				159915E728337A900011E726 /* Question.json */,
				153895AC282A1D8E001E1AE1 /* Main.storyboard */,
				153895AF282A1D90001E1AE1 /* Assets.xcassets */,
				153895B1282A1D90001E1AE1 /* LaunchScreen.storyboard */,
				15F8CEEE2831CEF400B70DB4 /* Question.swift */,
				15DF4CE3282A6E7A00003240 /* TableViewCell.swift */,
				153895B4282A1D90001E1AE1 /* Info.plist */,
				15F8CEE6282DED2200B70DB4 /* Settings.bundle */,
			);
			path = iQuiz;
			sourceTree = "<group>";
		};
/* End PBXGroup section */

/* Begin PBXNativeTarget section */
		153895A2282A1D8E001E1AE1 /* iQuiz */ = {
			isa = PBXNativeTarget;
			buildConfigurationList = 153895B7282A1D90001E1AE1 /* Build configuration list for PBXNativeTarget "iQuiz" */;
			buildPhases = (
				1538959F282A1D8E001E1AE1 /* Sources */,
				153895A0282A1D8E001E1AE1 /* Frameworks */,
				153895A1282A1D8E001E1AE1 /* Resources */,
			);
			buildRules = (
			);
			dependencies = (
			);
			name = iQuiz;
			productName = iQuiz;
			productReference = 153895A3282A1D8E001E1AE1 /* iQuiz.app */;
			productType = "com.apple.product-type.application";
		};
/* End PBXNativeTarget section */

/* Begin PBXProject section */
		1538959B282A1D8E001E1AE1 /* Project object */ = {
			isa = PBXProject;
			attributes = {
				BuildIndependentTargetsInParallel = 1;
				LastSwiftUpdateCheck = 1330;
				LastUpgradeCheck = 1330;
				TargetAttributes = {
					153895A2282A1D8E001E1AE1 = {
						CreatedOnToolsVersion = 13.3.1;
					};
				};
			};
			buildConfigurationList = 1538959E282A1D8E001E1AE1 /* Build configuration list for PBXProject "iQuiz" */;
			compatibilityVersion = "Xcode 13.0";
			developmentRegion = en;
			hasScannedForEncodings = 0;
			knownRegions = (
				en,
				Base,
			);
			mainGroup = 1538959A282A1D8E001E1AE1;
			productRefGroup = 153895A4282A1D8E001E1AE1 /* Products */;
			projectDirPath = "";
			projectRoot = "";
			targets = (
				153895A2282A1D8E001E1AE1 /* iQuiz */,
			);
		};
/* End PBXProject section */

/* Begin PBXResourcesBuildPhase section */
		153895A1282A1D8E001E1AE1 /* Resources */ = {
			isa = PBXResourcesBuildPhase;
			buildActionMask = 2147483647;
			files = (
				15F8CEE7282DED2200B70DB4 /* Settings.bundle in Resources */,
				159915E828337A900011E726 /* Question.json in Resources */,
				153895B3282A1D90001E1AE1 /* LaunchScreen.storyboard in Resources */,
				153895B0282A1D90001E1AE1 /* Assets.xcassets in Resources */,
				153895AE282A1D8E001E1AE1 /* Main.storyboard in Resources */,
			);
			runOnlyForDeploymentPostprocessing = 0;
		};
/* End PBXResourcesBuildPhase section */

/* Begin PBXSourcesBuildPhase section */
		1538959F282A1D8E001E1AE1 /* Sources */ = {
			isa = PBXSourcesBuildPhase;
			buildActionMask = 2147483647;
			files = (
				15F8CEEB2830FD5900B70DB4 /* AnswerViewController.swift in Sources */,
				158136662835DD58002AC957 /* SettingViewController.swift in Sources */,
				15F8CEEF2831CEF400B70DB4 /* Question.swift in Sources */,
				1536262D2834C2A60013CDB7 /* ChooseCategory.swift in Sources */,
				153895AB282A1D8E001E1AE1 /* ViewController.swift in Sources */,
				15F8CEE92830DAAF00B70DB4 /* QuestionViewController.swift in Sources */,
				15F8CEED2830FD6400B70DB4 /* FinishViewController.swift in Sources */,
				15DF4CE4282A6E7A00003240 /* TableViewCell.swift in Sources */,
				153895A7282A1D8E001E1AE1 /* AppDelegate.swift in Sources */,
				15813668283653F9002AC957 /* NetWorkMonitor.swift in Sources */,
				1536262F2834C2D50013CDB7 /* ChooseQuestions.swift in Sources */,
				153895A9282A1D8E001E1AE1 /* SceneDelegate.swift in Sources */,
			);
			runOnlyForDeploymentPostprocessing = 0;
		};
/* End PBXSourcesBuildPhase section */

/* Begin PBXVariantGroup section */
		153895AC282A1D8E001E1AE1 /* Main.storyboard */ = {
			isa = PBXVariantGroup;
			children = (
				153895AD282A1D8E001E1AE1 /* Base */,
			);
			name = Main.storyboard;
			sourceTree = "<group>";
		};
		153895B1282A1D90001E1AE1 /* LaunchScreen.storyboard */ = {
			isa = PBXVariantGroup;
			children = (
				153895B2282A1D90001E1AE1 /* Base */,
			);
			name = LaunchScreen.storyboard;
			sourceTree = "<group>";
		};
/* End PBXVariantGroup section */

/* Begin XCBuildConfiguration section */
		153895B5282A1D90001E1AE1 /* Debug */ = {
			isa = XCBuildConfiguration;
			buildSettings = {
				ALWAYS_SEARCH_USER_PATHS = NO;
				CLANG_ANALYZER_NONNULL = YES;
				CLANG_ANALYZER_NUMBER_OBJECT_CONVERSION = YES_AGGRESSIVE;
				CLANG_CXX_LANGUAGE_STANDARD = "gnu++17";
				CLANG_ENABLE_MODULES = YES;
				CLANG_ENABLE_OBJC_ARC = YES;
				CLANG_ENABLE_OBJC_WEAK = YES;
				CLANG_WARN_BLOCK_CAPTURE_AUTORELEASING = YES;
				CLANG_WARN_BOOL_CONVERSION = YES;
				CLANG_WARN_COMMA = YES;
				CLANG_WARN_CONSTANT_CONVERSION = YES;
				CLANG_WARN_DEPRECATED_OBJC_IMPLEMENTATIONS = YES;
				CLANG_WARN_DIRECT_OBJC_ISA_USAGE = YES_ERROR;
				CLANG_WARN_DOCUMENTATION_COMMENTS = YES;
				CLANG_WARN_EMPTY_BODY = YES;
				CLANG_WARN_ENUM_CONVERSION = YES;
				CLANG_WARN_INFINITE_RECURSION = YES;
				CLANG_WARN_INT_CONVERSION = YES;
				CLANG_WARN_NON_LITERAL_NULL_CONVERSION = YES;
				CLANG_WARN_OBJC_IMPLICIT_RETAIN_SELF = YES;
				CLANG_WARN_OBJC_LITERAL_CONVERSION = YES;
				CLANG_WARN_OBJC_ROOT_CLASS = YES_ERROR;
				CLANG_WARN_QUOTED_INCLUDE_IN_FRAMEWORK_HEADER = YES;
				CLANG_WARN_RANGE_LOOP_ANALYSIS = YES;
				CLANG_WARN_STRICT_PROTOTYPES = YES;
				CLANG_WARN_SUSPICIOUS_MOVE = YES;
				CLANG_WARN_UNGUARDED_AVAILABILITY = YES_AGGRESSIVE;
				CLANG_WARN_UNREACHABLE_CODE = YES;
				CLANG_WARN__DUPLICATE_METHOD_MATCH = YES;
				COPY_PHASE_STRIP = NO;
				DEBUG_INFORMATION_FORMAT = dwarf;
				ENABLE_STRICT_OBJC_MSGSEND = YES;
				ENABLE_TESTABILITY = YES;
				GCC_C_LANGUAGE_STANDARD = gnu11;
				GCC_DYNAMIC_NO_PIC = NO;
				GCC_NO_COMMON_BLOCKS = YES;
				GCC_OPTIMIZATION_LEVEL = 0;
				GCC_PREPROCESSOR_DEFINITIONS = (
					"DEBUG=1",
					"$(inherited)",
				);
				GCC_WARN_64_TO_32_BIT_CONVERSION = YES;
				GCC_WARN_ABOUT_RETURN_TYPE = YES_ERROR;
				GCC_WARN_UNDECLARED_SELECTOR = YES;
				GCC_WARN_UNINITIALIZED_AUTOS = YES_AGGRESSIVE;
				GCC_WARN_UNUSED_FUNCTION = YES;
				GCC_WARN_UNUSED_VARIABLE = YES;
				IPHONEOS_DEPLOYMENT_TARGET = 15.4;
				MTL_ENABLE_DEBUG_INFO = INCLUDE_SOURCE;
				MTL_FAST_MATH = YES;
				ONLY_ACTIVE_ARCH = YES;
				SDKROOT = iphoneos;
				SWIFT_ACTIVE_COMPILATION_CONDITIONS = DEBUG;
				SWIFT_OPTIMIZATION_LEVEL = "-Onone";
			};
			name = Debug;
		};
		153895B6282A1D90001E1AE1 /* Release */ = {
			isa = XCBuildConfiguration;
			buildSettings = {
				ALWAYS_SEARCH_USER_PATHS = NO;
				CLANG_ANALYZER_NONNULL = YES;
				CLANG_ANALYZER_NUMBER_OBJECT_CONVERSION = YES_AGGRESSIVE;
				CLANG_CXX_LANGUAGE_STANDARD = "gnu++17";
				CLANG_ENABLE_MODULES = YES;
				CLANG_ENABLE_OBJC_ARC = YES;
				CLANG_ENABLE_OBJC_WEAK = YES;
				CLANG_WARN_BLOCK_CAPTURE_AUTORELEASING = YES;
				CLANG_WARN_BOOL_CONVERSION = YES;
				CLANG_WARN_COMMA = YES;
				CLANG_WARN_CONSTANT_CONVERSION = YES;
				CLANG_WARN_DEPRECATED_OBJC_IMPLEMENTATIONS = YES;
				CLANG_WARN_DIRECT_OBJC_ISA_USAGE = YES_ERROR;
				CLANG_WARN_DOCUMENTATION_COMMENTS = YES;
				CLANG_WARN_EMPTY_BODY = YES;
				CLANG_WARN_ENUM_CONVERSION = YES;
				CLANG_WARN_INFINITE_RECURSION = YES;
				CLANG_WARN_INT_CONVERSION = YES;
				CLANG_WARN_NON_LITERAL_NULL_CONVERSION = YES;
				CLANG_WARN_OBJC_IMPLICIT_RETAIN_SELF = YES;
				CLANG_WARN_OBJC_LITERAL_CONVERSION = YES;
				CLANG_WARN_OBJC_ROOT_CLASS = YES_ERROR;
				CLANG_WARN_QUOTED_INCLUDE_IN_FRAMEWORK_HEADER = YES;
				CLANG_WARN_RANGE_LOOP_ANALYSIS = YES;
				CLANG_WARN_STRICT_PROTOTYPES = YES;
				CLANG_WARN_SUSPICIOUS_MOVE = YES;
				CLANG_WARN_UNGUARDED_AVAILABILITY = YES_AGGRESSIVE;
				CLANG_WARN_UNREACHABLE_CODE = YES;
				CLANG_WARN__DUPLICATE_METHOD_MATCH = YES;
				COPY_PHASE_STRIP = NO;
				DEBUG_INFORMATION_FORMAT = "dwarf-with-dsym";
				ENABLE_NS_ASSERTIONS = NO;
				ENABLE_STRICT_OBJC_MSGSEND = YES;
				GCC_C_LANGUAGE_STANDARD = gnu11;
				GCC_NO_COMMON_BLOCKS = YES;
				GCC_WARN_64_TO_32_BIT_CONVERSION = YES;
				GCC_WARN_ABOUT_RETURN_TYPE = YES_ERROR;
				GCC_WARN_UNDECLARED_SELECTOR = YES;
				GCC_WARN_UNINITIALIZED_AUTOS = YES_AGGRESSIVE;
				GCC_WARN_UNUSED_FUNCTION = YES;
				GCC_WARN_UNUSED_VARIABLE = YES;
				IPHONEOS_DEPLOYMENT_TARGET = 15.4;
				MTL_ENABLE_DEBUG_INFO = NO;
				MTL_FAST_MATH = YES;
				SDKROOT = iphoneos;
				SWIFT_COMPILATION_MODE = wholemodule;
				SWIFT_OPTIMIZATION_LEVEL = "-O";
				VALIDATE_PRODUCT = YES;
			};
			name = Release;
		};
		153895B8282A1D90001E1AE1 /* Debug */ = {
			isa = XCBuildConfiguration;
			buildSettings = {
				ASSETCATALOG_COMPILER_APPICON_NAME = AppIcon;
				ASSETCATALOG_COMPILER_GLOBAL_ACCENT_COLOR_NAME = AccentColor;
				CODE_SIGN_STYLE = Automatic;
				CURRENT_PROJECT_VERSION = 1;
				DEVELOPMENT_TEAM = X68SSV5C7D;
				GENERATE_INFOPLIST_FILE = YES;
				INFOPLIST_FILE = iQuiz/Info.plist;
				INFOPLIST_KEY_UIApplicationSupportsIndirectInputEvents = YES;
				INFOPLIST_KEY_UILaunchStoryboardName = LaunchScreen;
				INFOPLIST_KEY_UIMainStoryboardFile = Main;
				INFOPLIST_KEY_UISupportedInterfaceOrientations_iPad = "UIInterfaceOrientationPortrait UIInterfaceOrientationPortraitUpsideDown UIInterfaceOrientationLandscapeLeft UIInterfaceOrientationLandscapeRight";
				INFOPLIST_KEY_UISupportedInterfaceOrientations_iPhone = "UIInterfaceOrientationPortrait UIInterfaceOrientationLandscapeLeft UIInterfaceOrientationLandscapeRight";
				LD_RUNPATH_SEARCH_PATHS = (
					"$(inherited)",
					"@executable_path/Frameworks",
				);
				MARKETING_VERSION = 1.0;
				PRODUCT_BUNDLE_IDENTIFIER = "Lesi-Li.iQuiz";
				PRODUCT_NAME = "$(TARGET_NAME)";
				SWIFT_EMIT_LOC_STRINGS = YES;
				SWIFT_VERSION = 5.0;
				TARGETED_DEVICE_FAMILY = "1,2";
			};
			name = Debug;
		};
		153895B9282A1D90001E1AE1 /* Release */ = {
			isa = XCBuildConfiguration;
			buildSettings = {
				ASSETCATALOG_COMPILER_APPICON_NAME = AppIcon;
				ASSETCATALOG_COMPILER_GLOBAL_ACCENT_COLOR_NAME = AccentColor;
				CODE_SIGN_STYLE = Automatic;
				CURRENT_PROJECT_VERSION = 1;
				DEVELOPMENT_TEAM = X68SSV5C7D;
				GENERATE_INFOPLIST_FILE = YES;
				INFOPLIST_FILE = iQuiz/Info.plist;
				INFOPLIST_KEY_UIApplicationSupportsIndirectInputEvents = YES;
				INFOPLIST_KEY_UILaunchStoryboardName = LaunchScreen;
				INFOPLIST_KEY_UIMainStoryboardFile = Main;
				INFOPLIST_KEY_UISupportedInterfaceOrientations_iPad = "UIInterfaceOrientationPortrait UIInterfaceOrientationPortraitUpsideDown UIInterfaceOrientationLandscapeLeft UIInterfaceOrientationLandscapeRight";
				INFOPLIST_KEY_UISupportedInterfaceOrientations_iPhone = "UIInterfaceOrientationPortrait UIInterfaceOrientationLandscapeLeft UIInterfaceOrientationLandscapeRight";
				LD_RUNPATH_SEARCH_PATHS = (
					"$(inherited)",
					"@executable_path/Frameworks",
				);
				MARKETING_VERSION = 1.0;
				PRODUCT_BUNDLE_IDENTIFIER = "Lesi-Li.iQuiz";
				PRODUCT_NAME = "$(TARGET_NAME)";
				SWIFT_EMIT_LOC_STRINGS = YES;
				SWIFT_VERSION = 5.0;
				TARGETED_DEVICE_FAMILY = "1,2";
			};
			name = Release;
		};
/* End XCBuildConfiguration section */

/* Begin XCConfigurationList section */
		1538959E282A1D8E001E1AE1 /* Build configuration list for PBXProject "iQuiz" */ = {
			isa = XCConfigurationList;
			buildConfigurations = (
				153895B5282A1D90001E1AE1 /* Debug */,
				153895B6282A1D90001E1AE1 /* Release */,
			);
			defaultConfigurationIsVisible = 0;
			defaultConfigurationName = Release;
		};
		153895B7282A1D90001E1AE1 /* Build configuration list for PBXNativeTarget "iQuiz" */ = {
			isa = XCConfigurationList;
			buildConfigurations = (
				153895B8282A1D90001E1AE1 /* Debug */,
				153895B9282A1D90001E1AE1 /* Release */,
			);
			defaultConfigurationIsVisible = 0;
			defaultConfigurationName = Release;
		};
/* End XCConfigurationList section */
	};
	rootObject = 1538959B282A1D8E001E1AE1 /* Project object */;
}
